// !$*UTF8*$!
{
	archiveVersion = 1;
	classes = {
	};
	objectVersion = 77;
	objects = {

/* Begin PBXContainerItemProxy section */
		687255492CA9215100A25DC1 /* PBXContainerItemProxy */ = {
			isa = PBXContainerItemProxy;
			containerPortal = 6872552A2CA9214F00A25DC1 /* Project object */;
			proxyType = 1;
			remoteGlobalIDString = 687255312CA9214F00A25DC1;
			remoteInfo = Week01_mission;
		};
		687255532CA9215100A25DC1 /* PBXContainerItemProxy */ = {
			isa = PBXContainerItemProxy;
			containerPortal = 6872552A2CA9214F00A25DC1 /* Project object */;
			proxyType = 1;
			remoteGlobalIDString = 687255312CA9214F00A25DC1;
			remoteInfo = Week01_mission;
		};
/* End PBXContainerItemProxy section */

/* Begin PBXFileReference section */
		687255322CA9214F00A25DC1 /* Week01_mission.app */ = {isa = PBXFileReference; explicitFileType = wrapper.application; includeInIndex = 0; path = Week01_mission.app; sourceTree = BUILT_PRODUCTS_DIR; };
		687255482CA9215100A25DC1 /* Week01_missionTests.xctest */ = {isa = PBXFileReference; explicitFileType = wrapper.cfbundle; includeInIndex = 0; path = Week01_missionTests.xctest; sourceTree = BUILT_PRODUCTS_DIR; };
		687255522CA9215100A25DC1 /* Week01_missionUITests.xctest */ = {isa = PBXFileReference; explicitFileType = wrapper.cfbundle; includeInIndex = 0; path = Week01_missionUITests.xctest; sourceTree = BUILT_PRODUCTS_DIR; };
/* End PBXFileReference section */

/* Begin PBXFileSystemSynchronizedBuildFileExceptionSet section */
		6872555A2CA9215100A25DC1 /* Exceptions for "Week01_mission" folder in "Week01_mission" target */ = {
			isa = PBXFileSystemSynchronizedBuildFileExceptionSet;
			membershipExceptions = (
				Info.plist,
			);
			target = 687255312CA9214F00A25DC1 /* Week01_mission */;
		};
/* End PBXFileSystemSynchronizedBuildFileExceptionSet section */

/* Begin PBXFileSystemSynchronizedRootGroup section */
		687255342CA9214F00A25DC1 /* Week01_mission */ = {
			isa = PBXFileSystemSynchronizedRootGroup;
			exceptions = (
				6872555A2CA9215100A25DC1 /* Exceptions for "Week01_mission" folder in "Week01_mission" target */,
			);
			path = Week01_mission;
			sourceTree = "<group>";
		};
		6872554B2CA9215100A25DC1 /* Week01_missionTests */ = {
			isa = PBXFileSystemSynchronizedRootGroup;
			path = Week01_missionTests;
			sourceTree = "<group>";
		};
		687255552CA9215100A25DC1 /* Week01_missionUITests */ = {
			isa = PBXFileSystemSynchronizedRootGroup;
			path = Week01_missionUITests;
			sourceTree = "<group>";
		};
/* End PBXFileSystemSynchronizedRootGroup section */

/* Begin PBXFrameworksBuildPhase section */
		6872552F2CA9214F00A25DC1 /* Frameworks */ = {
			isa = PBXFrameworksBuildPhase;
			buildActionMask = 2147483647;
			files = (
			);
			runOnlyForDeploymentPostprocessing = 0;
		};
		687255452CA9215100A25DC1 /* Frameworks */ = {
			isa = PBXFrameworksBuildPhase;
			buildActionMask = 2147483647;
			files = (
			);
			runOnlyForDeploymentPostprocessing = 0;
		};
		6872554F2CA9215100A25DC1 /* Frameworks */ = {
			isa = PBXFrameworksBuildPhase;
			buildActionMask = 2147483647;
			files = (
			);
			runOnlyForDeploymentPostprocessing = 0;
		};
/* End PBXFrameworksBuildPhase section */

/* Begin PBXGroup section */
		687255292CA9214F00A25DC1 = {
			isa = PBXGroup;
			children = (
				687255342CA9214F00A25DC1 /* Week01_mission */,
				6872554B2CA9215100A25DC1 /* Week01_missionTests */,
				687255552CA9215100A25DC1 /* Week01_missionUITests */,
				687255332CA9214F00A25DC1 /* Products */,
			);
			sourceTree = "<group>";
		};
		687255332CA9214F00A25DC1 /* Products */ = {
			isa = PBXGroup;
			children = (
				687255322CA9214F00A25DC1 /* Week01_mission.app */,
				687255482CA9215100A25DC1 /* Week01_missionTests.xctest */,
				687255522CA9215100A25DC1 /* Week01_missionUITests.xctest */,
			);
			name = Products;
			sourceTree = "<group>";
		};
/* End PBXGroup section */

/* Begin PBXNativeTarget section */
		687255312CA9214F00A25DC1 /* Week01_mission */ = {
			isa = PBXNativeTarget;
			buildConfigurationList = 6872555B2CA9215100A25DC1 /* Build configuration list for PBXNativeTarget "Week01_mission" */;
			buildPhases = (
				6872552E2CA9214F00A25DC1 /* Sources */,
				6872552F2CA9214F00A25DC1 /* Frameworks */,
				687255302CA9214F00A25DC1 /* Resources */,
			);
			buildRules = (
			);
			dependencies = (
			);
			fileSystemSynchronizedGroups = (
				687255342CA9214F00A25DC1 /* Week01_mission */,
			);
			name = Week01_mission;
			packageProductDependencies = (
			);
			productName = Week01_mission;
			productReference = 687255322CA9214F00A25DC1 /* Week01_mission.app */;
			productType = "com.apple.product-type.application";
		};
		687255472CA9215100A25DC1 /* Week01_missionTests */ = {
			isa = PBXNativeTarget;
			buildConfigurationList = 687255602CA9215100A25DC1 /* Build configuration list for PBXNativeTarget "Week01_missionTests" */;
			buildPhases = (
				687255442CA9215100A25DC1 /* Sources */,
				687255452CA9215100A25DC1 /* Frameworks */,
				687255462CA9215100A25DC1 /* Resources */,
			);
			buildRules = (
			);
			dependencies = (
				6872554A2CA9215100A25DC1 /* PBXTargetDependency */,
			);
			fileSystemSynchronizedGroups = (
				6872554B2CA9215100A25DC1 /* Week01_missionTests */,
			);
			name = Week01_missionTests;
			packageProductDependencies = (
			);
			productName = Week01_missionTests;
			productReference = 687255482CA9215100A25DC1 /* Week01_missionTests.xctest */;
			productType = "com.apple.product-type.bundle.unit-test";
		};
		687255512CA9215100A25DC1 /* Week01_missionUITests */ = {
			isa = PBXNativeTarget;
			buildConfigurationList = 687255632CA9215100A25DC1 /* Build configuration list for PBXNativeTarget "Week01_missionUITests" */;
			buildPhases = (
				6872554E2CA9215100A25DC1 /* Sources */,
				6872554F2CA9215100A25DC1 /* Frameworks */,
				687255502CA9215100A25DC1 /* Resources */,
			);
			buildRules = (
			);
			dependencies = (
				687255542CA9215100A25DC1 /* PBXTargetDependency */,
			);
			fileSystemSynchronizedGroups = (
				687255552CA9215100A25DC1 /* Week01_missionUITests */,
			);
			name = Week01_missionUITests;
			packageProductDependencies = (
			);
			productName = Week01_missionUITests;
			productReference = 687255522CA9215100A25DC1 /* Week01_missionUITests.xctest */;
			productType = "com.apple.product-type.bundle.ui-testing";
		};
/* End PBXNativeTarget section */

/* Begin PBXProject section */
		6872552A2CA9214F00A25DC1 /* Project object */ = {
			isa = PBXProject;
			attributes = {
				BuildIndependentTargetsInParallel = 1;
				LastSwiftUpdateCheck = 1600;
				LastUpgradeCheck = 1600;
				TargetAttributes = {
					687255312CA9214F00A25DC1 = {
						CreatedOnToolsVersion = 16.0;
					};
					687255472CA9215100A25DC1 = {
						CreatedOnToolsVersion = 16.0;
						TestTargetID = 687255312CA9214F00A25DC1;
					};
					687255512CA9215100A25DC1 = {
						CreatedOnToolsVersion = 16.0;
						TestTargetID = 687255312CA9214F00A25DC1;
					};
				};
			};
			buildConfigurationList = 6872552D2CA9214F00A25DC1 /* Build configuration list for PBXProject "Week01_mission" */;
			developmentRegion = en;
			hasScannedForEncodings = 0;
			knownRegions = (
				en,
				Base,
			);
			mainGroup = 687255292CA9214F00A25DC1;
			minimizedProjectReferenceProxies = 1;
			preferredProjectObjectVersion = 77;
			productRefGroup = 687255332CA9214F00A25DC1 /* Products */;
			projectDirPath = "";
			projectRoot = "";
			targets = (
				687255312CA9214F00A25DC1 /* Week01_mission */,
				687255472CA9215100A25DC1 /* Week01_missionTests */,
				687255512CA9215100A25DC1 /* Week01_missionUITests */,
			);
		};
/* End PBXProject section */

/* Begin PBXResourcesBuildPhase section */
		687255302CA9214F00A25DC1 /* Resources */ = {
			isa = PBXResourcesBuildPhase;
			buildActionMask = 2147483647;
			files = (
			);
			runOnlyForDeploymentPostprocessing = 0;
		};
		687255462CA9215100A25DC1 /* Resources */ = {
			isa = PBXResourcesBuildPhase;
			buildActionMask = 2147483647;
			files = (
			);
			runOnlyForDeploymentPostprocessing = 0;
		};
		687255502CA9215100A25DC1 /* Resources */ = {
			isa = PBXResourcesBuildPhase;
			buildActionMask = 2147483647;
			files = (
			);
			runOnlyForDeploymentPostprocessing = 0;
		};
/* End PBXResourcesBuildPhase section */

/* Begin PBXSourcesBuildPhase section */
		6872552E2CA9214F00A25DC1 /* Sources */ = {
			isa = PBXSourcesBuildPhase;
			buildActionMask = 2147483647;
			files = (
			);
			runOnlyForDeploymentPostprocessing = 0;
		};
		687255442CA9215100A25DC1 /* Sources */ = {
			isa = PBXSourcesBuildPhase;
			buildActionMask = 2147483647;
			files = (
			);
			runOnlyForDeploymentPostprocessing = 0;
		};
		6872554E2CA9215100A25DC1 /* Sources */ = {
			isa = PBXSourcesBuildPhase;
			buildActionMask = 2147483647;
			files = (
			);
			runOnlyForDeploymentPostprocessing = 0;
		};
/* End PBXSourcesBuildPhase section */

/* Begin PBXTargetDependency section */
		6872554A2CA9215100A25DC1 /* PBXTargetDependency */ = {
			isa = PBXTargetDependency;
			target = 687255312CA9214F00A25DC1 /* Week01_mission */;
			targetProxy = 687255492CA9215100A25DC1 /* PBXContainerItemProxy */;
		};
		687255542CA9215100A25DC1 /* PBXTargetDependency */ = {
			isa = PBXTargetDependency;
			target = 687255312CA9214F00A25DC1 /* Week01_mission */;
			targetProxy = 687255532CA9215100A25DC1 /* PBXContainerItemProxy */;
		};
/* End PBXTargetDependency section */

/* Begin XCBuildConfiguration section */
		6872555C2CA9215100A25DC1 /* Debug */ = {
			isa = XCBuildConfiguration;
			buildSettings = {
				ASSETCATALOG_COMPILER_APPICON_NAME = AppIcon;
				ASSETCATALOG_COMPILER_GLOBAL_ACCENT_COLOR_NAME = AccentColor;
				CODE_SIGN_STYLE = Automatic;
				CURRENT_PROJECT_VERSION = 1;
				GENERATE_INFOPLIST_FILE = YES;
				INFOPLIST_FILE = Week01_mission/Info.plist;
				INFOPLIST_KEY_UIApplicationSupportsIndirectInputEvents = YES;
				INFOPLIST_KEY_UILaunchStoryboardName = LaunchScreen;
				INFOPLIST_KEY_UISupportedInterfaceOrientations_iPad = "UIInterfaceOrientationPortrait UIInterfaceOrientationPortraitUpsideDown UIInterfaceOrientationLandscapeLeft UIInterfaceOrientationLandscapeRight";
				INFOPLIST_KEY_UISupportedInterfaceOrientations_iPhone = "UIInterfaceOrientationPortrait UIInterfaceOrientationLandscapeLeft UIInterfaceOrientationLandscapeRight";
				LD_RUNPATH_SEARCH_PATHS = (
					"$(inherited)",
					"@executable_path/Frameworks",
				);
				MARKETING_VERSION = 1.0;
				PRODUCT_BUNDLE_IDENTIFIER = "UMC-iOS-Workbook.Week01-mission";
				PRODUCT_NAME = "$(TARGET_NAME)";
				SWIFT_EMIT_LOC_STRINGS = YES;
				SWIFT_VERSION = 5.0;
				TARGETED_DEVICE_FAMILY = "1,2";
			};
			name = Debug;
		};
		6872555D2CA9215100A25DC1 /* Release */ = {
			isa = XCBuildConfiguration;
			buildSettings = {
				ASSETCATALOG_COMPILER_APPICON_NAME = AppIcon;
				ASSETCATALOG_COMPILER_GLOBAL_ACCENT_COLOR_NAME = AccentColor;
				CODE_SIGN_STYLE = Automatic;
				CURRENT_PROJECT_VERSION = 1;
				GENERATE_INFOPLIST_FILE = YES;
				INFOPLIST_FILE = Week01_mission/Info.plist;
				INFOPLIST_KEY_UIApplicationSupportsIndirectInputEvents = YES;
				INFOPLIST_KEY_UILaunchStoryboardName = LaunchScreen;
				INFOPLIST_KEY_UISupportedInterfaceOrientations_iPad = "UIInterfaceOrientationPortrait UIInterfaceOrientationPortraitUpsideDown UIInterfaceOrientationLandscapeLeft UIInterfaceOrientationLandscapeRight";
				INFOPLIST_KEY_UISupportedInterfaceOrientations_iPhone = "UIInterfaceOrientationPortrait UIInterfaceOrientationLandscapeLeft UIInterfaceOrientationLandscapeRight";
				LD_RUNPATH_SEARCH_PATHS = (
					"$(inherited)",
					"@executable_path/Frameworks",
				);
				MARKETING_VERSION = 1.0;
				PRODUCT_BUNDLE_IDENTIFIER = "UMC-iOS-Workbook.Week01-mission";
				PRODUCT_NAME = "$(TARGET_NAME)";
				SWIFT_EMIT_LOC_STRINGS = YES;
				SWIFT_VERSION = 5.0;
				TARGETED_DEVICE_FAMILY = "1,2";
			};
			name = Release;
		};
		6872555E2CA9215100A25DC1 /* Debug */ = {
			isa = XCBuildConfiguration;
			buildSettings = {
				ALWAYS_SEARCH_USER_PATHS = NO;
				ASSETCATALOG_COMPILER_GENERATE_SWIFT_ASSET_SYMBOL_EXTENSIONS = YES;
				CLANG_ANALYZER_NONNULL = YES;
				CLANG_ANALYZER_NUMBER_OBJECT_CONVERSION = YES_AGGRESSIVE;
				CLANG_CXX_LANGUAGE_STANDARD = "gnu++20";
				CLANG_ENABLE_MODULES = YES;
				CLANG_ENABLE_OBJC_ARC = YES;
				CLANG_ENABLE_OBJC_WEAK = YES;
				CLANG_WARN_BLOCK_CAPTURE_AUTORELEASING = YES;
				CLANG_WARN_BOOL_CONVERSION = YES;
				CLANG_WARN_COMMA = YES;
				CLANG_WARN_CONSTANT_CONVERSION = YES;
				CLANG_WARN_DEPRECATED_OBJC_IMPLEMENTATIONS = YES;
				CLANG_WARN_DIRECT_OBJC_ISA_USAGE = YES_ERROR;
				CLANG_WARN_DOCUMENTATION_COMMENTS = YES;
				CLANG_WARN_EMPTY_BODY = YES;
				CLANG_WARN_ENUM_CONVERSION = YES;
				CLANG_WARN_INFINITE_RECURSION = YES;
				CLANG_WARN_INT_CONVERSION = YES;
				CLANG_WARN_NON_LITERAL_NULL_CONVERSION = YES;
				CLANG_WARN_OBJC_IMPLICIT_RETAIN_SELF = YES;
				CLANG_WARN_OBJC_LITERAL_CONVERSION = YES;
				CLANG_WARN_OBJC_ROOT_CLASS = YES_ERROR;
				CLANG_WARN_QUOTED_INCLUDE_IN_FRAMEWORK_HEADER = YES;
				CLANG_WARN_RANGE_LOOP_ANALYSIS = YES;
				CLANG_WARN_STRICT_PROTOTYPES = YES;
				CLANG_WARN_SUSPICIOUS_MOVE = YES;
				CLANG_WARN_UNGUARDED_AVAILABILITY = YES_AGGRESSIVE;
				CLANG_WARN_UNREACHABLE_CODE = YES;
				CLANG_WARN__DUPLICATE_METHOD_MATCH = YES;
				COPY_PHASE_STRIP = NO;
				DEBUG_INFORMATION_FORMAT = dwarf;
				ENABLE_STRICT_OBJC_MSGSEND = YES;
				ENABLE_TESTABILITY = YES;
				ENABLE_USER_SCRIPT_SANDBOXING = YES;
				GCC_C_LANGUAGE_STANDARD = gnu17;
				GCC_DYNAMIC_NO_PIC = NO;
				GCC_NO_COMMON_BLOCKS = YES;
				GCC_OPTIMIZATION_LEVEL = 0;
				GCC_PREPROCESSOR_DEFINITIONS = (
					"DEBUG=1",
					"$(inherited)",
				);
				GCC_WARN_64_TO_32_BIT_CONVERSION = YES;
				GCC_WARN_ABOUT_RETURN_TYPE = YES_ERROR;
				GCC_WARN_UNDECLARED_SELECTOR = YES;
				GCC_WARN_UNINITIALIZED_AUTOS = YES_AGGRESSIVE;
				GCC_WARN_UNUSED_FUNCTION = YES;
				GCC_WARN_UNUSED_VARIABLE = YES;
				IPHONEOS_DEPLOYMENT_TARGET = 18.0;
				LOCALIZATION_PREFERS_STRING_CATALOGS = YES;
				MTL_ENABLE_DEBUG_INFO = INCLUDE_SOURCE;
				MTL_FAST_MATH = YES;
				ONLY_ACTIVE_ARCH = YES;
				SDKROOT = iphoneos;
				SWIFT_ACTIVE_COMPILATION_CONDITIONS = "DEBUG $(inherited)";
				SWIFT_OPTIMIZATION_LEVEL = "-Onone";
			};
			name = Debug;
		};
		6872555F2CA9215100A25DC1 /* Release */ = {
			isa = XCBuildConfiguration;
			buildSettings = {
				ALWAYS_SEARCH_USER_PATHS = NO;
				ASSETCATALOG_COMPILER_GENERATE_SWIFT_ASSET_SYMBOL_EXTENSIONS = YES;
				CLANG_ANALYZER_NONNULL = YES;
				CLANG_ANALYZER_NUMBER_OBJECT_CONVERSION = YES_AGGRESSIVE;
				CLANG_CXX_LANGUAGE_STANDARD = "gnu++20";
				CLANG_ENABLE_MODULES = YES;
				CLANG_ENABLE_OBJC_ARC = YES;
				CLANG_ENABLE_OBJC_WEAK = YES;
				CLANG_WARN_BLOCK_CAPTURE_AUTORELEASING = YES;
				CLANG_WARN_BOOL_CONVERSION = YES;
				CLANG_WARN_COMMA = YES;
				CLANG_WARN_CONSTANT_CONVERSION = YES;
				CLANG_WARN_DEPRECATED_OBJC_IMPLEMENTATIONS = YES;
				CLANG_WARN_DIRECT_OBJC_ISA_USAGE = YES_ERROR;
				CLANG_WARN_DOCUMENTATION_COMMENTS = YES;
				CLANG_WARN_EMPTY_BODY = YES;
				CLANG_WARN_ENUM_CONVERSION = YES;
				CLANG_WARN_INFINITE_RECURSION = YES;
				CLANG_WARN_INT_CONVERSION = YES;
				CLANG_WARN_NON_LITERAL_NULL_CONVERSION = YES;
				CLANG_WARN_OBJC_IMPLICIT_RETAIN_SELF = YES;
				CLANG_WARN_OBJC_LITERAL_CONVERSION = YES;
				CLANG_WARN_OBJC_ROOT_CLASS = YES_ERROR;
				CLANG_WARN_QUOTED_INCLUDE_IN_FRAMEWORK_HEADER = YES;
				CLANG_WARN_RANGE_LOOP_ANALYSIS = YES;
				CLANG_WARN_STRICT_PROTOTYPES = YES;
				CLANG_WARN_SUSPICIOUS_MOVE = YES;
				CLANG_WARN_UNGUARDED_AVAILABILITY = YES_AGGRESSIVE;
				CLANG_WARN_UNREACHABLE_CODE = YES;
				CLANG_WARN__DUPLICATE_METHOD_MATCH = YES;
				COPY_PHASE_STRIP = NO;
				DEBUG_INFORMATION_FORMAT = "dwarf-with-dsym";
				ENABLE_NS_ASSERTIONS = NO;
				ENABLE_STRICT_OBJC_MSGSEND = YES;
				ENABLE_USER_SCRIPT_SANDBOXING = YES;
				GCC_C_LANGUAGE_STANDARD = gnu17;
				GCC_NO_COMMON_BLOCKS = YES;
				GCC_WARN_64_TO_32_BIT_CONVERSION = YES;
				GCC_WARN_ABOUT_RETURN_TYPE = YES_ERROR;
				GCC_WARN_UNDECLARED_SELECTOR = YES;
				GCC_WARN_UNINITIALIZED_AUTOS = YES_AGGRESSIVE;
				GCC_WARN_UNUSED_FUNCTION = YES;
				GCC_WARN_UNUSED_VARIABLE = YES;
				IPHONEOS_DEPLOYMENT_TARGET = 18.0;
				LOCALIZATION_PREFERS_STRING_CATALOGS = YES;
				MTL_ENABLE_DEBUG_INFO = NO;
				MTL_FAST_MATH = YES;
				SDKROOT = iphoneos;
				SWIFT_COMPILATION_MODE = wholemodule;
				VALIDATE_PRODUCT = YES;
			};
			name = Release;
		};
		687255612CA9215100A25DC1 /* Debug */ = {
			isa = XCBuildConfiguration;
			buildSettings = {
				BUNDLE_LOADER = "$(TEST_HOST)";
				CODE_SIGN_STYLE = Automatic;
				CURRENT_PROJECT_VERSION = 1;
				GENERATE_INFOPLIST_FILE = YES;
				IPHONEOS_DEPLOYMENT_TARGET = 18.0;
				MARKETING_VERSION = 1.0;
				PRODUCT_BUNDLE_IDENTIFIER = "UMC-iOS-Workbook.Week01-missionTests";
				PRODUCT_NAME = "$(TARGET_NAME)";
				SWIFT_EMIT_LOC_STRINGS = NO;
				SWIFT_VERSION = 5.0;
				TARGETED_DEVICE_FAMILY = "1,2";
				TEST_HOST = "$(BUILT_PRODUCTS_DIR)/Week01_mission.app/$(BUNDLE_EXECUTABLE_FOLDER_PATH)/Week01_mission";
			};
			name = Debug;
		};
		687255622CA9215100A25DC1 /* Release */ = {
			isa = XCBuildConfiguration;
			buildSettings = {
				BUNDLE_LOADER = "$(TEST_HOST)";
				CODE_SIGN_STYLE = Automatic;
				CURRENT_PROJECT_VERSION = 1;
				GENERATE_INFOPLIST_FILE = YES;
				IPHONEOS_DEPLOYMENT_TARGET = 18.0;
				MARKETING_VERSION = 1.0;
				PRODUCT_BUNDLE_IDENTIFIER = "UMC-iOS-Workbook.Week01-missionTests";
				PRODUCT_NAME = "$(TARGET_NAME)";
				SWIFT_EMIT_LOC_STRINGS = NO;
				SWIFT_VERSION = 5.0;
				TARGETED_DEVICE_FAMILY = "1,2";
				TEST_HOST = "$(BUILT_PRODUCTS_DIR)/Week01_mission.app/$(BUNDLE_EXECUTABLE_FOLDER_PATH)/Week01_mission";
			};
			name = Release;
		};
		687255642CA9215100A25DC1 /* Debug */ = {
			isa = XCBuildConfiguration;
			buildSettings = {
				CODE_SIGN_STYLE = Automatic;
				CURRENT_PROJECT_VERSION = 1;
				GENERATE_INFOPLIST_FILE = YES;
				MARKETING_VERSION = 1.0;
				PRODUCT_BUNDLE_IDENTIFIER = "UMC-iOS-Workbook.Week01-missionUITests";
				PRODUCT_NAME = "$(TARGET_NAME)";
				SWIFT_EMIT_LOC_STRINGS = NO;
				SWIFT_VERSION = 5.0;
				TARGETED_DEVICE_FAMILY = "1,2";
				TEST_TARGET_NAME = Week01_mission;
			};
			name = Debug;
		};
		687255652CA9215100A25DC1 /* Release */ = {
			isa = XCBuildConfiguration;
			buildSettings = {
				CODE_SIGN_STYLE = Automatic;
				CURRENT_PROJECT_VERSION = 1;
				GENERATE_INFOPLIST_FILE = YES;
				MARKETING_VERSION = 1.0;
				PRODUCT_BUNDLE_IDENTIFIER = "UMC-iOS-Workbook.Week01-missionUITests";
				PRODUCT_NAME = "$(TARGET_NAME)";
				SWIFT_EMIT_LOC_STRINGS = NO;
				SWIFT_VERSION = 5.0;
				TARGETED_DEVICE_FAMILY = "1,2";
				TEST_TARGET_NAME = Week01_mission;
			};
			name = Release;
		};
/* End XCBuildConfiguration section */

/* Begin XCConfigurationList section */
		6872552D2CA9214F00A25DC1 /* Build configuration list for PBXProject "Week01_mission" */ = {
			isa = XCConfigurationList;
			buildConfigurations = (
				6872555E2CA9215100A25DC1 /* Debug */,
				6872555F2CA9215100A25DC1 /* Release */,
			);
			defaultConfigurationIsVisible = 0;
			defaultConfigurationName = Release;
		};
		6872555B2CA9215100A25DC1 /* Build configuration list for PBXNativeTarget "Week01_mission" */ = {
			isa = XCConfigurationList;
			buildConfigurations = (
				6872555C2CA9215100A25DC1 /* Debug */,
				6872555D2CA9215100A25DC1 /* Release */,
			);
			defaultConfigurationIsVisible = 0;
			defaultConfigurationName = Release;
		};
		687255602CA9215100A25DC1 /* Build configuration list for PBXNativeTarget "Week01_missionTests" */ = {
			isa = XCConfigurationList;
			buildConfigurations = (
				687255612CA9215100A25DC1 /* Debug */,
				687255622CA9215100A25DC1 /* Release */,
			);
			defaultConfigurationIsVisible = 0;
			defaultConfigurationName = Release;
		};
		687255632CA9215100A25DC1 /* Build configuration list for PBXNativeTarget "Week01_missionUITests" */ = {
			isa = XCConfigurationList;
			buildConfigurations = (
				687255642CA9215100A25DC1 /* Debug */,
				687255652CA9215100A25DC1 /* Release */,
			);
			defaultConfigurationIsVisible = 0;
			defaultConfigurationName = Release;
		};
/* End XCConfigurationList section */
	};
	rootObject = 6872552A2CA9214F00A25DC1 /* Project object */;
}
