// !$*UTF8*$!
{
	archiveVersion = 1;
	classes = {
	};
	objectVersion = 77;
	objects = {

/* Begin PBXBuildFile section */
		687255BD2CAA6A5100A25DC1 /* SnapKit in Frameworks */ = {isa = PBXBuildFile; productRef = 687255BC2CAA6A5100A25DC1 /* SnapKit */; };
/* End PBXBuildFile section */

/* Begin PBXContainerItemProxy section */
		687255912CAA4A3200A25DC1 /* PBXContainerItemProxy */ = {
			isa = PBXContainerItemProxy;
			containerPortal = 687255722CAA4A3000A25DC1 /* Project object */;
			proxyType = 1;
			remoteGlobalIDString = 687255792CAA4A3000A25DC1;
			remoteInfo = Week02_Study;
		};
		6872559B2CAA4A3200A25DC1 /* PBXContainerItemProxy */ = {
			isa = PBXContainerItemProxy;
			containerPortal = 687255722CAA4A3000A25DC1 /* Project object */;
			proxyType = 1;
			remoteGlobalIDString = 687255792CAA4A3000A25DC1;
			remoteInfo = Week02_Study;
		};
/* End PBXContainerItemProxy section */

/* Begin PBXFileReference section */
		6872557A2CAA4A3000A25DC1 /* Week02_Study.app */ = {isa = PBXFileReference; explicitFileType = wrapper.application; includeInIndex = 0; path = Week02_Study.app; sourceTree = BUILT_PRODUCTS_DIR; };
		687255902CAA4A3200A25DC1 /* Week02_StudyTests.xctest */ = {isa = PBXFileReference; explicitFileType = wrapper.cfbundle; includeInIndex = 0; path = Week02_StudyTests.xctest; sourceTree = BUILT_PRODUCTS_DIR; };
		6872559A2CAA4A3200A25DC1 /* Week02_StudyUITests.xctest */ = {isa = PBXFileReference; explicitFileType = wrapper.cfbundle; includeInIndex = 0; path = Week02_StudyUITests.xctest; sourceTree = BUILT_PRODUCTS_DIR; };
/* End PBXFileReference section */

/* Begin PBXFileSystemSynchronizedBuildFileExceptionSet section */
		687255A22CAA4A3200A25DC1 /* Exceptions for "Week02_Study" folder in "Week02_Study" target */ = {
			isa = PBXFileSystemSynchronizedBuildFileExceptionSet;
			membershipExceptions = (
				Info.plist,
			);
			target = 687255792CAA4A3000A25DC1 /* Week02_Study */;
		};
/* End PBXFileSystemSynchronizedBuildFileExceptionSet section */

/* Begin PBXFileSystemSynchronizedRootGroup section */
		6872557C2CAA4A3000A25DC1 /* Week02_Study */ = {
			isa = PBXFileSystemSynchronizedRootGroup;
			exceptions = (
				687255A22CAA4A3200A25DC1 /* Exceptions for "Week02_Study" folder in "Week02_Study" target */,
			);
			path = Week02_Study;
			sourceTree = "<group>";
		};
		687255932CAA4A3200A25DC1 /* Week02_StudyTests */ = {
			isa = PBXFileSystemSynchronizedRootGroup;
			path = Week02_StudyTests;
			sourceTree = "<group>";
		};
		6872559D2CAA4A3200A25DC1 /* Week02_StudyUITests */ = {
			isa = PBXFileSystemSynchronizedRootGroup;
			path = Week02_StudyUITests;
			sourceTree = "<group>";
		};
/* End PBXFileSystemSynchronizedRootGroup section */

/* Begin PBXFrameworksBuildPhase section */
		687255772CAA4A3000A25DC1 /* Frameworks */ = {
			isa = PBXFrameworksBuildPhase;
			buildActionMask = 2147483647;
			files = (
				687255BD2CAA6A5100A25DC1 /* SnapKit in Frameworks */,
			);
			runOnlyForDeploymentPostprocessing = 0;
		};
		6872558D2CAA4A3200A25DC1 /* Frameworks */ = {
			isa = PBXFrameworksBuildPhase;
			buildActionMask = 2147483647;
			files = (
			);
			runOnlyForDeploymentPostprocessing = 0;
		};
		687255972CAA4A3200A25DC1 /* Frameworks */ = {
			isa = PBXFrameworksBuildPhase;
			buildActionMask = 2147483647;
			files = (
			);
			runOnlyForDeploymentPostprocessing = 0;
		};
/* End PBXFrameworksBuildPhase section */

/* Begin PBXGroup section */
		687255712CAA4A3000A25DC1 = {
			isa = PBXGroup;
			children = (
				6872557C2CAA4A3000A25DC1 /* Week02_Study */,
				687255932CAA4A3200A25DC1 /* Week02_StudyTests */,
				6872559D2CAA4A3200A25DC1 /* Week02_StudyUITests */,
				6872557B2CAA4A3000A25DC1 /* Products */,
			);
			sourceTree = "<group>";
		};
		6872557B2CAA4A3000A25DC1 /* Products */ = {
			isa = PBXGroup;
			children = (
				6872557A2CAA4A3000A25DC1 /* Week02_Study.app */,
				687255902CAA4A3200A25DC1 /* Week02_StudyTests.xctest */,
				6872559A2CAA4A3200A25DC1 /* Week02_StudyUITests.xctest */,
			);
			name = Products;
			sourceTree = "<group>";
		};
/* End PBXGroup section */

/* Begin PBXNativeTarget section */
		687255792CAA4A3000A25DC1 /* Week02_Study */ = {
			isa = PBXNativeTarget;
			buildConfigurationList = 687255A32CAA4A3200A25DC1 /* Build configuration list for PBXNativeTarget "Week02_Study" */;
			buildPhases = (
				687255762CAA4A3000A25DC1 /* Sources */,
				687255772CAA4A3000A25DC1 /* Frameworks */,
				687255782CAA4A3000A25DC1 /* Resources */,
			);
			buildRules = (
			);
			dependencies = (
			);
			fileSystemSynchronizedGroups = (
				6872557C2CAA4A3000A25DC1 /* Week02_Study */,
			);
			name = Week02_Study;
			packageProductDependencies = (
				687255BC2CAA6A5100A25DC1 /* SnapKit */,
			);
			productName = Week02_Study;
			productReference = 6872557A2CAA4A3000A25DC1 /* Week02_Study.app */;
			productType = "com.apple.product-type.application";
		};
		6872558F2CAA4A3200A25DC1 /* Week02_StudyTests */ = {
			isa = PBXNativeTarget;
			buildConfigurationList = 687255A82CAA4A3200A25DC1 /* Build configuration list for PBXNativeTarget "Week02_StudyTests" */;
			buildPhases = (
				6872558C2CAA4A3200A25DC1 /* Sources */,
				6872558D2CAA4A3200A25DC1 /* Frameworks */,
				6872558E2CAA4A3200A25DC1 /* Resources */,
			);
			buildRules = (
			);
			dependencies = (
				687255922CAA4A3200A25DC1 /* PBXTargetDependency */,
			);
			fileSystemSynchronizedGroups = (
				687255932CAA4A3200A25DC1 /* Week02_StudyTests */,
			);
			name = Week02_StudyTests;
			packageProductDependencies = (
			);
			productName = Week02_StudyTests;
			productReference = 687255902CAA4A3200A25DC1 /* Week02_StudyTests.xctest */;
			productType = "com.apple.product-type.bundle.unit-test";
		};
		687255992CAA4A3200A25DC1 /* Week02_StudyUITests */ = {
			isa = PBXNativeTarget;
			buildConfigurationList = 687255AB2CAA4A3200A25DC1 /* Build configuration list for PBXNativeTarget "Week02_StudyUITests" */;
			buildPhases = (
				687255962CAA4A3200A25DC1 /* Sources */,
				687255972CAA4A3200A25DC1 /* Frameworks */,
				687255982CAA4A3200A25DC1 /* Resources */,
			);
			buildRules = (
			);
			dependencies = (
				6872559C2CAA4A3200A25DC1 /* PBXTargetDependency */,
			);
			fileSystemSynchronizedGroups = (
				6872559D2CAA4A3200A25DC1 /* Week02_StudyUITests */,
			);
			name = Week02_StudyUITests;
			packageProductDependencies = (
			);
			productName = Week02_StudyUITests;
			productReference = 6872559A2CAA4A3200A25DC1 /* Week02_StudyUITests.xctest */;
			productType = "com.apple.product-type.bundle.ui-testing";
		};
/* End PBXNativeTarget section */

/* Begin PBXProject section */
		687255722CAA4A3000A25DC1 /* Project object */ = {
			isa = PBXProject;
			attributes = {
				BuildIndependentTargetsInParallel = 1;
				LastSwiftUpdateCheck = 1600;
				LastUpgradeCheck = 1600;
				TargetAttributes = {
					687255792CAA4A3000A25DC1 = {
						CreatedOnToolsVersion = 16.0;
					};
					6872558F2CAA4A3200A25DC1 = {
						CreatedOnToolsVersion = 16.0;
						TestTargetID = 687255792CAA4A3000A25DC1;
					};
					687255992CAA4A3200A25DC1 = {
						CreatedOnToolsVersion = 16.0;
						TestTargetID = 687255792CAA4A3000A25DC1;
					};
				};
			};
			buildConfigurationList = 687255752CAA4A3000A25DC1 /* Build configuration list for PBXProject "Week02_Study" */;
			developmentRegion = en;
			hasScannedForEncodings = 0;
			knownRegions = (
				en,
				Base,
			);
			mainGroup = 687255712CAA4A3000A25DC1;
			minimizedProjectReferenceProxies = 1;
			packageReferences = (
				687255BB2CAA6A5100A25DC1 /* XCRemoteSwiftPackageReference "SnapKit" */,
			);
			preferredProjectObjectVersion = 77;
			productRefGroup = 6872557B2CAA4A3000A25DC1 /* Products */;
			projectDirPath = "";
			projectRoot = "";
			targets = (
				687255792CAA4A3000A25DC1 /* Week02_Study */,
				6872558F2CAA4A3200A25DC1 /* Week02_StudyTests */,
				687255992CAA4A3200A25DC1 /* Week02_StudyUITests */,
			);
		};
/* End PBXProject section */

/* Begin PBXResourcesBuildPhase section */
		687255782CAA4A3000A25DC1 /* Resources */ = {
			isa = PBXResourcesBuildPhase;
			buildActionMask = 2147483647;
			files = (
			);
			runOnlyForDeploymentPostprocessing = 0;
		};
		6872558E2CAA4A3200A25DC1 /* Resources */ = {
			isa = PBXResourcesBuildPhase;
			buildActionMask = 2147483647;
			files = (
			);
			runOnlyForDeploymentPostprocessing = 0;
		};
		687255982CAA4A3200A25DC1 /* Resources */ = {
			isa = PBXResourcesBuildPhase;
			buildActionMask = 2147483647;
			files = (
			);
			runOnlyForDeploymentPostprocessing = 0;
		};
/* End PBXResourcesBuildPhase section */

/* Begin PBXSourcesBuildPhase section */
		687255762CAA4A3000A25DC1 /* Sources */ = {
			isa = PBXSourcesBuildPhase;
			buildActionMask = 2147483647;
			files = (
			);
			runOnlyForDeploymentPostprocessing = 0;
		};
		6872558C2CAA4A3200A25DC1 /* Sources */ = {
			isa = PBXSourcesBuildPhase;
			buildActionMask = 2147483647;
			files = (
			);
			runOnlyForDeploymentPostprocessing = 0;
		};
		687255962CAA4A3200A25DC1 /* Sources */ = {
			isa = PBXSourcesBuildPhase;
			buildActionMask = 2147483647;
			files = (
			);
			runOnlyForDeploymentPostprocessing = 0;
		};
/* End PBXSourcesBuildPhase section */

/* Begin PBXTargetDependency section */
		687255922CAA4A3200A25DC1 /* PBXTargetDependency */ = {
			isa = PBXTargetDependency;
			target = 687255792CAA4A3000A25DC1 /* Week02_Study */;
			targetProxy = 687255912CAA4A3200A25DC1 /* PBXContainerItemProxy */;
		};
		6872559C2CAA4A3200A25DC1 /* PBXTargetDependency */ = {
			isa = PBXTargetDependency;
			target = 687255792CAA4A3000A25DC1 /* Week02_Study */;
			targetProxy = 6872559B2CAA4A3200A25DC1 /* PBXContainerItemProxy */;
		};
/* End PBXTargetDependency section */

/* Begin XCBuildConfiguration section */
		687255A42CAA4A3200A25DC1 /* Debug */ = {
			isa = XCBuildConfiguration;
			buildSettings = {
				ASSETCATALOG_COMPILER_APPICON_NAME = AppIcon;
				ASSETCATALOG_COMPILER_GLOBAL_ACCENT_COLOR_NAME = AccentColor;
				CODE_SIGN_STYLE = Automatic;
				CURRENT_PROJECT_VERSION = 1;
				GENERATE_INFOPLIST_FILE = YES;
				INFOPLIST_FILE = Week02_Study/Info.plist;
				INFOPLIST_KEY_UIApplicationSupportsIndirectInputEvents = YES;
				INFOPLIST_KEY_UILaunchStoryboardName = LaunchScreen;
				INFOPLIST_KEY_UISupportedInterfaceOrientations_iPad = "UIInterfaceOrientationPortrait UIInterfaceOrientationPortraitUpsideDown UIInterfaceOrientationLandscapeLeft UIInterfaceOrientationLandscapeRight";
				INFOPLIST_KEY_UISupportedInterfaceOrientations_iPhone = "UIInterfaceOrientationPortrait UIInterfaceOrientationLandscapeLeft UIInterfaceOrientationLandscapeRight";
				LD_RUNPATH_SEARCH_PATHS = (
					"$(inherited)",
					"@executable_path/Frameworks",
				);
				MARKETING_VERSION = 1.0;
				PRODUCT_BUNDLE_IDENTIFIER = "UMC-iOS-Workbook.Week02-Study";
				PRODUCT_NAME = "$(TARGET_NAME)";
				SWIFT_EMIT_LOC_STRINGS = YES;
				SWIFT_VERSION = 5.0;
				TARGETED_DEVICE_FAMILY = "1,2";
			};
			name = Debug;
		};
		687255A52CAA4A3200A25DC1 /* Release */ = {
			isa = XCBuildConfiguration;
			buildSettings = {
				ASSETCATALOG_COMPILER_APPICON_NAME = AppIcon;
				ASSETCATALOG_COMPILER_GLOBAL_ACCENT_COLOR_NAME = AccentColor;
				CODE_SIGN_STYLE = Automatic;
				CURRENT_PROJECT_VERSION = 1;
				GENERATE_INFOPLIST_FILE = YES;
				INFOPLIST_FILE = Week02_Study/Info.plist;
				INFOPLIST_KEY_UIApplicationSupportsIndirectInputEvents = YES;
				INFOPLIST_KEY_UILaunchStoryboardName = LaunchScreen;
				INFOPLIST_KEY_UISupportedInterfaceOrientations_iPad = "UIInterfaceOrientationPortrait UIInterfaceOrientationPortraitUpsideDown UIInterfaceOrientationLandscapeLeft UIInterfaceOrientationLandscapeRight";
				INFOPLIST_KEY_UISupportedInterfaceOrientations_iPhone = "UIInterfaceOrientationPortrait UIInterfaceOrientationLandscapeLeft UIInterfaceOrientationLandscapeRight";
				LD_RUNPATH_SEARCH_PATHS = (
					"$(inherited)",
					"@executable_path/Frameworks",
				);
				MARKETING_VERSION = 1.0;
				PRODUCT_BUNDLE_IDENTIFIER = "UMC-iOS-Workbook.Week02-Study";
				PRODUCT_NAME = "$(TARGET_NAME)";
				SWIFT_EMIT_LOC_STRINGS = YES;
				SWIFT_VERSION = 5.0;
				TARGETED_DEVICE_FAMILY = "1,2";
			};
			name = Release;
		};
		687255A62CAA4A3200A25DC1 /* Debug */ = {
			isa = XCBuildConfiguration;
			buildSettings = {
				ALWAYS_SEARCH_USER_PATHS = NO;
				ASSETCATALOG_COMPILER_GENERATE_SWIFT_ASSET_SYMBOL_EXTENSIONS = YES;
				CLANG_ANALYZER_NONNULL = YES;
				CLANG_ANALYZER_NUMBER_OBJECT_CONVERSION = YES_AGGRESSIVE;
				CLANG_CXX_LANGUAGE_STANDARD = "gnu++20";
				CLANG_ENABLE_MODULES = YES;
				CLANG_ENABLE_OBJC_ARC = YES;
				CLANG_ENABLE_OBJC_WEAK = YES;
				CLANG_WARN_BLOCK_CAPTURE_AUTORELEASING = YES;
				CLANG_WARN_BOOL_CONVERSION = YES;
				CLANG_WARN_COMMA = YES;
				CLANG_WARN_CONSTANT_CONVERSION = YES;
				CLANG_WARN_DEPRECATED_OBJC_IMPLEMENTATIONS = YES;
				CLANG_WARN_DIRECT_OBJC_ISA_USAGE = YES_ERROR;
				CLANG_WARN_DOCUMENTATION_COMMENTS = YES;
				CLANG_WARN_EMPTY_BODY = YES;
				CLANG_WARN_ENUM_CONVERSION = YES;
				CLANG_WARN_INFINITE_RECURSION = YES;
				CLANG_WARN_INT_CONVERSION = YES;
				CLANG_WARN_NON_LITERAL_NULL_CONVERSION = YES;
				CLANG_WARN_OBJC_IMPLICIT_RETAIN_SELF = YES;
				CLANG_WARN_OBJC_LITERAL_CONVERSION = YES;
				CLANG_WARN_OBJC_ROOT_CLASS = YES_ERROR;
				CLANG_WARN_QUOTED_INCLUDE_IN_FRAMEWORK_HEADER = YES;
				CLANG_WARN_RANGE_LOOP_ANALYSIS = YES;
				CLANG_WARN_STRICT_PROTOTYPES = YES;
				CLANG_WARN_SUSPICIOUS_MOVE = YES;
				CLANG_WARN_UNGUARDED_AVAILABILITY = YES_AGGRESSIVE;
				CLANG_WARN_UNREACHABLE_CODE = YES;
				CLANG_WARN__DUPLICATE_METHOD_MATCH = YES;
				COPY_PHASE_STRIP = NO;
				DEBUG_INFORMATION_FORMAT = dwarf;
				ENABLE_STRICT_OBJC_MSGSEND = YES;
				ENABLE_TESTABILITY = YES;
				ENABLE_USER_SCRIPT_SANDBOXING = YES;
				GCC_C_LANGUAGE_STANDARD = gnu17;
				GCC_DYNAMIC_NO_PIC = NO;
				GCC_NO_COMMON_BLOCKS = YES;
				GCC_OPTIMIZATION_LEVEL = 0;
				GCC_PREPROCESSOR_DEFINITIONS = (
					"DEBUG=1",
					"$(inherited)",
				);
				GCC_WARN_64_TO_32_BIT_CONVERSION = YES;
				GCC_WARN_ABOUT_RETURN_TYPE = YES_ERROR;
				GCC_WARN_UNDECLARED_SELECTOR = YES;
				GCC_WARN_UNINITIALIZED_AUTOS = YES_AGGRESSIVE;
				GCC_WARN_UNUSED_FUNCTION = YES;
				GCC_WARN_UNUSED_VARIABLE = YES;
				IPHONEOS_DEPLOYMENT_TARGET = 18.0;
				LOCALIZATION_PREFERS_STRING_CATALOGS = YES;
				MTL_ENABLE_DEBUG_INFO = INCLUDE_SOURCE;
				MTL_FAST_MATH = YES;
				ONLY_ACTIVE_ARCH = YES;
				SDKROOT = iphoneos;
				SWIFT_ACTIVE_COMPILATION_CONDITIONS = "DEBUG $(inherited)";
				SWIFT_OPTIMIZATION_LEVEL = "-Onone";
			};
			name = Debug;
		};
		687255A72CAA4A3200A25DC1 /* Release */ = {
			isa = XCBuildConfiguration;
			buildSettings = {
				ALWAYS_SEARCH_USER_PATHS = NO;
				ASSETCATALOG_COMPILER_GENERATE_SWIFT_ASSET_SYMBOL_EXTENSIONS = YES;
				CLANG_ANALYZER_NONNULL = YES;
				CLANG_ANALYZER_NUMBER_OBJECT_CONVERSION = YES_AGGRESSIVE;
				CLANG_CXX_LANGUAGE_STANDARD = "gnu++20";
				CLANG_ENABLE_MODULES = YES;
				CLANG_ENABLE_OBJC_ARC = YES;
				CLANG_ENABLE_OBJC_WEAK = YES;
				CLANG_WARN_BLOCK_CAPTURE_AUTORELEASING = YES;
				CLANG_WARN_BOOL_CONVERSION = YES;
				CLANG_WARN_COMMA = YES;
				CLANG_WARN_CONSTANT_CONVERSION = YES;
				CLANG_WARN_DEPRECATED_OBJC_IMPLEMENTATIONS = YES;
				CLANG_WARN_DIRECT_OBJC_ISA_USAGE = YES_ERROR;
				CLANG_WARN_DOCUMENTATION_COMMENTS = YES;
				CLANG_WARN_EMPTY_BODY = YES;
				CLANG_WARN_ENUM_CONVERSION = YES;
				CLANG_WARN_INFINITE_RECURSION = YES;
				CLANG_WARN_INT_CONVERSION = YES;
				CLANG_WARN_NON_LITERAL_NULL_CONVERSION = YES;
				CLANG_WARN_OBJC_IMPLICIT_RETAIN_SELF = YES;
				CLANG_WARN_OBJC_LITERAL_CONVERSION = YES;
				CLANG_WARN_OBJC_ROOT_CLASS = YES_ERROR;
				CLANG_WARN_QUOTED_INCLUDE_IN_FRAMEWORK_HEADER = YES;
				CLANG_WARN_RANGE_LOOP_ANALYSIS = YES;
				CLANG_WARN_STRICT_PROTOTYPES = YES;
				CLANG_WARN_SUSPICIOUS_MOVE = YES;
				CLANG_WARN_UNGUARDED_AVAILABILITY = YES_AGGRESSIVE;
				CLANG_WARN_UNREACHABLE_CODE = YES;
				CLANG_WARN__DUPLICATE_METHOD_MATCH = YES;
				COPY_PHASE_STRIP = NO;
				DEBUG_INFORMATION_FORMAT = "dwarf-with-dsym";
				ENABLE_NS_ASSERTIONS = NO;
				ENABLE_STRICT_OBJC_MSGSEND = YES;
				ENABLE_USER_SCRIPT_SANDBOXING = YES;
				GCC_C_LANGUAGE_STANDARD = gnu17;
				GCC_NO_COMMON_BLOCKS = YES;
				GCC_WARN_64_TO_32_BIT_CONVERSION = YES;
				GCC_WARN_ABOUT_RETURN_TYPE = YES_ERROR;
				GCC_WARN_UNDECLARED_SELECTOR = YES;
				GCC_WARN_UNINITIALIZED_AUTOS = YES_AGGRESSIVE;
				GCC_WARN_UNUSED_FUNCTION = YES;
				GCC_WARN_UNUSED_VARIABLE = YES;
				IPHONEOS_DEPLOYMENT_TARGET = 18.0;
				LOCALIZATION_PREFERS_STRING_CATALOGS = YES;
				MTL_ENABLE_DEBUG_INFO = NO;
				MTL_FAST_MATH = YES;
				SDKROOT = iphoneos;
				SWIFT_COMPILATION_MODE = wholemodule;
				VALIDATE_PRODUCT = YES;
			};
			name = Release;
		};
		687255A92CAA4A3200A25DC1 /* Debug */ = {
			isa = XCBuildConfiguration;
			buildSettings = {
				BUNDLE_LOADER = "$(TEST_HOST)";
				CODE_SIGN_STYLE = Automatic;
				CURRENT_PROJECT_VERSION = 1;
				GENERATE_INFOPLIST_FILE = YES;
				IPHONEOS_DEPLOYMENT_TARGET = 18.0;
				MARKETING_VERSION = 1.0;
				PRODUCT_BUNDLE_IDENTIFIER = "UMC-iOS-Workbook.Week02-StudyTests";
				PRODUCT_NAME = "$(TARGET_NAME)";
				SWIFT_EMIT_LOC_STRINGS = NO;
				SWIFT_VERSION = 5.0;
				TARGETED_DEVICE_FAMILY = "1,2";
				TEST_HOST = "$(BUILT_PRODUCTS_DIR)/Week02_Study.app/$(BUNDLE_EXECUTABLE_FOLDER_PATH)/Week02_Study";
			};
			name = Debug;
		};
		687255AA2CAA4A3200A25DC1 /* Release */ = {
			isa = XCBuildConfiguration;
			buildSettings = {
				BUNDLE_LOADER = "$(TEST_HOST)";
				CODE_SIGN_STYLE = Automatic;
				CURRENT_PROJECT_VERSION = 1;
				GENERATE_INFOPLIST_FILE = YES;
				IPHONEOS_DEPLOYMENT_TARGET = 18.0;
				MARKETING_VERSION = 1.0;
				PRODUCT_BUNDLE_IDENTIFIER = "UMC-iOS-Workbook.Week02-StudyTests";
				PRODUCT_NAME = "$(TARGET_NAME)";
				SWIFT_EMIT_LOC_STRINGS = NO;
				SWIFT_VERSION = 5.0;
				TARGETED_DEVICE_FAMILY = "1,2";
				TEST_HOST = "$(BUILT_PRODUCTS_DIR)/Week02_Study.app/$(BUNDLE_EXECUTABLE_FOLDER_PATH)/Week02_Study";
			};
			name = Release;
		};
		687255AC2CAA4A3200A25DC1 /* Debug */ = {
			isa = XCBuildConfiguration;
			buildSettings = {
				CODE_SIGN_STYLE = Automatic;
				CURRENT_PROJECT_VERSION = 1;
				GENERATE_INFOPLIST_FILE = YES;
				MARKETING_VERSION = 1.0;
				PRODUCT_BUNDLE_IDENTIFIER = "UMC-iOS-Workbook.Week02-StudyUITests";
				PRODUCT_NAME = "$(TARGET_NAME)";
				SWIFT_EMIT_LOC_STRINGS = NO;
				SWIFT_VERSION = 5.0;
				TARGETED_DEVICE_FAMILY = "1,2";
				TEST_TARGET_NAME = Week02_Study;
			};
			name = Debug;
		};
		687255AD2CAA4A3200A25DC1 /* Release */ = {
			isa = XCBuildConfiguration;
			buildSettings = {
				CODE_SIGN_STYLE = Automatic;
				CURRENT_PROJECT_VERSION = 1;
				GENERATE_INFOPLIST_FILE = YES;
				MARKETING_VERSION = 1.0;
				PRODUCT_BUNDLE_IDENTIFIER = "UMC-iOS-Workbook.Week02-StudyUITests";
				PRODUCT_NAME = "$(TARGET_NAME)";
				SWIFT_EMIT_LOC_STRINGS = NO;
				SWIFT_VERSION = 5.0;
				TARGETED_DEVICE_FAMILY = "1,2";
				TEST_TARGET_NAME = Week02_Study;
			};
			name = Release;
		};
/* End XCBuildConfiguration section */

/* Begin XCConfigurationList section */
		687255752CAA4A3000A25DC1 /* Build configuration list for PBXProject "Week02_Study" */ = {
			isa = XCConfigurationList;
			buildConfigurations = (
				687255A62CAA4A3200A25DC1 /* Debug */,
				687255A72CAA4A3200A25DC1 /* Release */,
			);
			defaultConfigurationIsVisible = 0;
			defaultConfigurationName = Release;
		};
		687255A32CAA4A3200A25DC1 /* Build configuration list for PBXNativeTarget "Week02_Study" */ = {
			isa = XCConfigurationList;
			buildConfigurations = (
				687255A42CAA4A3200A25DC1 /* Debug */,
				687255A52CAA4A3200A25DC1 /* Release */,
			);
			defaultConfigurationIsVisible = 0;
			defaultConfigurationName = Release;
		};
		687255A82CAA4A3200A25DC1 /* Build configuration list for PBXNativeTarget "Week02_StudyTests" */ = {
			isa = XCConfigurationList;
			buildConfigurations = (
				687255A92CAA4A3200A25DC1 /* Debug */,
				687255AA2CAA4A3200A25DC1 /* Release */,
			);
			defaultConfigurationIsVisible = 0;
			defaultConfigurationName = Release;
		};
		687255AB2CAA4A3200A25DC1 /* Build configuration list for PBXNativeTarget "Week02_StudyUITests" */ = {
			isa = XCConfigurationList;
			buildConfigurations = (
				687255AC2CAA4A3200A25DC1 /* Debug */,
				687255AD2CAA4A3200A25DC1 /* Release */,
			);
			defaultConfigurationIsVisible = 0;
			defaultConfigurationName = Release;
		};
/* End XCConfigurationList section */

/* Begin XCRemoteSwiftPackageReference section */
		687255BB2CAA6A5100A25DC1 /* XCRemoteSwiftPackageReference "SnapKit" */ = {
			isa = XCRemoteSwiftPackageReference;
			repositoryURL = "https://github.com/SnapKit/SnapKit";
			requirement = {
				kind = upToNextMajorVersion;
				minimumVersion = 5.7.1;
			};
		};
/* End XCRemoteSwiftPackageReference section */

/* Begin XCSwiftPackageProductDependency section */
		687255BC2CAA6A5100A25DC1 /* SnapKit */ = {
			isa = XCSwiftPackageProductDependency;
			package = 687255BB2CAA6A5100A25DC1 /* XCRemoteSwiftPackageReference "SnapKit" */;
			productName = SnapKit;
		};
/* End XCSwiftPackageProductDependency section */
	};
	rootObject = 687255722CAA4A3000A25DC1 /* Project object */;
}
