// !$*UTF8*$!
{
	archiveVersion = 1;
	classes = {
	};
	objectVersion = 77;
	objects = {

/* Begin PBXBuildFile section */
		68578BE72CE24F9F00893E07 /* SnapKit in Frameworks */ = {isa = PBXBuildFile; productRef = 68578BE62CE24F9F00893E07 /* SnapKit */; };
		68578BEA2CE2507B00893E07 /* Alamofire in Frameworks */ = {isa = PBXBuildFile; productRef = 68578BE92CE2507B00893E07 /* Alamofire */; };
/* End PBXBuildFile section */

/* Begin PBXContainerItemProxy section */
		68578BB92CE22F3B00893E07 /* PBXContainerItemProxy */ = {
			isa = PBXContainerItemProxy;
			containerPortal = 68578B9A2CE22F3A00893E07 /* Project object */;
			proxyType = 1;
			remoteGlobalIDString = 68578BA12CE22F3A00893E07;
			remoteInfo = Week07_Study;
		};
		68578BC32CE22F3B00893E07 /* PBXContainerItemProxy */ = {
			isa = PBXContainerItemProxy;
			containerPortal = 68578B9A2CE22F3A00893E07 /* Project object */;
			proxyType = 1;
			remoteGlobalIDString = 68578BA12CE22F3A00893E07;
			remoteInfo = Week07_Study;
		};
/* End PBXContainerItemProxy section */

/* Begin PBXFileReference section */
		68578BA22CE22F3A00893E07 /* Week07_Study.app */ = {isa = PBXFileReference; explicitFileType = wrapper.application; includeInIndex = 0; path = Week07_Study.app; sourceTree = BUILT_PRODUCTS_DIR; };
		68578BB82CE22F3B00893E07 /* Week07_StudyTests.xctest */ = {isa = PBXFileReference; explicitFileType = wrapper.cfbundle; includeInIndex = 0; path = Week07_StudyTests.xctest; sourceTree = BUILT_PRODUCTS_DIR; };
		68578BC22CE22F3B00893E07 /* Week07_StudyUITests.xctest */ = {isa = PBXFileReference; explicitFileType = wrapper.cfbundle; includeInIndex = 0; path = Week07_StudyUITests.xctest; sourceTree = BUILT_PRODUCTS_DIR; };
/* End PBXFileReference section */

/* Begin PBXFileSystemSynchronizedBuildFileExceptionSet section */
		68578BCA2CE22F3B00893E07 /* Exceptions for "Week07_Study" folder in "Week07_Study" target */ = {
			isa = PBXFileSystemSynchronizedBuildFileExceptionSet;
			membershipExceptions = (
				Info.plist,
			);
			target = 68578BA12CE22F3A00893E07 /* Week07_Study */;
		};
/* End PBXFileSystemSynchronizedBuildFileExceptionSet section */

/* Begin PBXFileSystemSynchronizedRootGroup section */
		68578BA42CE22F3A00893E07 /* Week07_Study */ = {
			isa = PBXFileSystemSynchronizedRootGroup;
			exceptions = (
				68578BCA2CE22F3B00893E07 /* Exceptions for "Week07_Study" folder in "Week07_Study" target */,
			);
			path = Week07_Study;
			sourceTree = "<group>";
		};
		68578BBB2CE22F3B00893E07 /* Week07_StudyTests */ = {
			isa = PBXFileSystemSynchronizedRootGroup;
			path = Week07_StudyTests;
			sourceTree = "<group>";
		};
		68578BC52CE22F3B00893E07 /* Week07_StudyUITests */ = {
			isa = PBXFileSystemSynchronizedRootGroup;
			path = Week07_StudyUITests;
			sourceTree = "<group>";
		};
/* End PBXFileSystemSynchronizedRootGroup section */

/* Begin PBXFrameworksBuildPhase section */
		68578B9F2CE22F3A00893E07 /* Frameworks */ = {
			isa = PBXFrameworksBuildPhase;
			buildActionMask = 2147483647;
			files = (
				68578BE72CE24F9F00893E07 /* SnapKit in Frameworks */,
				68578BEA2CE2507B00893E07 /* Alamofire in Frameworks */,
			);
			runOnlyForDeploymentPostprocessing = 0;
		};
		68578BB52CE22F3B00893E07 /* Frameworks */ = {
			isa = PBXFrameworksBuildPhase;
			buildActionMask = 2147483647;
			files = (
			);
			runOnlyForDeploymentPostprocessing = 0;
		};
		68578BBF2CE22F3B00893E07 /* Frameworks */ = {
			isa = PBXFrameworksBuildPhase;
			buildActionMask = 2147483647;
			files = (
			);
			runOnlyForDeploymentPostprocessing = 0;
		};
/* End PBXFrameworksBuildPhase section */

/* Begin PBXGroup section */
		68578B992CE22F3A00893E07 = {
			isa = PBXGroup;
			children = (
				68578BA42CE22F3A00893E07 /* Week07_Study */,
				68578BBB2CE22F3B00893E07 /* Week07_StudyTests */,
				68578BC52CE22F3B00893E07 /* Week07_StudyUITests */,
				68578BA32CE22F3A00893E07 /* Products */,
			);
			sourceTree = "<group>";
		};
		68578BA32CE22F3A00893E07 /* Products */ = {
			isa = PBXGroup;
			children = (
				68578BA22CE22F3A00893E07 /* Week07_Study.app */,
				68578BB82CE22F3B00893E07 /* Week07_StudyTests.xctest */,
				68578BC22CE22F3B00893E07 /* Week07_StudyUITests.xctest */,
			);
			name = Products;
			sourceTree = "<group>";
		};
/* End PBXGroup section */

/* Begin PBXNativeTarget section */
		68578BA12CE22F3A00893E07 /* Week07_Study */ = {
			isa = PBXNativeTarget;
			buildConfigurationList = 68578BCB2CE22F3B00893E07 /* Build configuration list for PBXNativeTarget "Week07_Study" */;
			buildPhases = (
				68578B9E2CE22F3A00893E07 /* Sources */,
				68578B9F2CE22F3A00893E07 /* Frameworks */,
				68578BA02CE22F3A00893E07 /* Resources */,
			);
			buildRules = (
			);
			dependencies = (
			);
			fileSystemSynchronizedGroups = (
				68578BA42CE22F3A00893E07 /* Week07_Study */,
			);
			name = Week07_Study;
			packageProductDependencies = (
				68578BE62CE24F9F00893E07 /* SnapKit */,
				68578BE92CE2507B00893E07 /* Alamofire */,
			);
			productName = Week07_Study;
			productReference = 68578BA22CE22F3A00893E07 /* Week07_Study.app */;
			productType = "com.apple.product-type.application";
		};
		68578BB72CE22F3B00893E07 /* Week07_StudyTests */ = {
			isa = PBXNativeTarget;
			buildConfigurationList = 68578BD02CE22F3B00893E07 /* Build configuration list for PBXNativeTarget "Week07_StudyTests" */;
			buildPhases = (
				68578BB42CE22F3B00893E07 /* Sources */,
				68578BB52CE22F3B00893E07 /* Frameworks */,
				68578BB62CE22F3B00893E07 /* Resources */,
			);
			buildRules = (
			);
			dependencies = (
				68578BBA2CE22F3B00893E07 /* PBXTargetDependency */,
			);
			fileSystemSynchronizedGroups = (
				68578BBB2CE22F3B00893E07 /* Week07_StudyTests */,
			);
			name = Week07_StudyTests;
			packageProductDependencies = (
			);
			productName = Week07_StudyTests;
			productReference = 68578BB82CE22F3B00893E07 /* Week07_StudyTests.xctest */;
			productType = "com.apple.product-type.bundle.unit-test";
		};
		68578BC12CE22F3B00893E07 /* Week07_StudyUITests */ = {
			isa = PBXNativeTarget;
			buildConfigurationList = 68578BD32CE22F3B00893E07 /* Build configuration list for PBXNativeTarget "Week07_StudyUITests" */;
			buildPhases = (
				68578BBE2CE22F3B00893E07 /* Sources */,
				68578BBF2CE22F3B00893E07 /* Frameworks */,
				68578BC02CE22F3B00893E07 /* Resources */,
			);
			buildRules = (
			);
			dependencies = (
				68578BC42CE22F3B00893E07 /* PBXTargetDependency */,
			);
			fileSystemSynchronizedGroups = (
				68578BC52CE22F3B00893E07 /* Week07_StudyUITests */,
			);
			name = Week07_StudyUITests;
			packageProductDependencies = (
			);
			productName = Week07_StudyUITests;
			productReference = 68578BC22CE22F3B00893E07 /* Week07_StudyUITests.xctest */;
			productType = "com.apple.product-type.bundle.ui-testing";
		};
/* End PBXNativeTarget section */

/* Begin PBXProject section */
		68578B9A2CE22F3A00893E07 /* Project object */ = {
			isa = PBXProject;
			attributes = {
				BuildIndependentTargetsInParallel = 1;
				LastSwiftUpdateCheck = 1600;
				LastUpgradeCheck = 1600;
				TargetAttributes = {
					68578BA12CE22F3A00893E07 = {
						CreatedOnToolsVersion = 16.0;
					};
					68578BB72CE22F3B00893E07 = {
						CreatedOnToolsVersion = 16.0;
						TestTargetID = 68578BA12CE22F3A00893E07;
					};
					68578BC12CE22F3B00893E07 = {
						CreatedOnToolsVersion = 16.0;
						TestTargetID = 68578BA12CE22F3A00893E07;
					};
				};
			};
			buildConfigurationList = 68578B9D2CE22F3A00893E07 /* Build configuration list for PBXProject "Week07_Study" */;
			developmentRegion = en;
			hasScannedForEncodings = 0;
			knownRegions = (
				en,
				Base,
			);
			mainGroup = 68578B992CE22F3A00893E07;
			minimizedProjectReferenceProxies = 1;
			packageReferences = (
				68578BE52CE24F9F00893E07 /* XCRemoteSwiftPackageReference "SnapKit" */,
				68578BE82CE2507B00893E07 /* XCRemoteSwiftPackageReference "Alamofire" */,
			);
			preferredProjectObjectVersion = 77;
			productRefGroup = 68578BA32CE22F3A00893E07 /* Products */;
			projectDirPath = "";
			projectRoot = "";
			targets = (
				68578BA12CE22F3A00893E07 /* Week07_Study */,
				68578BB72CE22F3B00893E07 /* Week07_StudyTests */,
				68578BC12CE22F3B00893E07 /* Week07_StudyUITests */,
			);
		};
/* End PBXProject section */

/* Begin PBXResourcesBuildPhase section */
		68578BA02CE22F3A00893E07 /* Resources */ = {
			isa = PBXResourcesBuildPhase;
			buildActionMask = 2147483647;
			files = (
			);
			runOnlyForDeploymentPostprocessing = 0;
		};
		68578BB62CE22F3B00893E07 /* Resources */ = {
			isa = PBXResourcesBuildPhase;
			buildActionMask = 2147483647;
			files = (
			);
			runOnlyForDeploymentPostprocessing = 0;
		};
		68578BC02CE22F3B00893E07 /* Resources */ = {
			isa = PBXResourcesBuildPhase;
			buildActionMask = 2147483647;
			files = (
			);
			runOnlyForDeploymentPostprocessing = 0;
		};
/* End PBXResourcesBuildPhase section */

/* Begin PBXSourcesBuildPhase section */
		68578B9E2CE22F3A00893E07 /* Sources */ = {
			isa = PBXSourcesBuildPhase;
			buildActionMask = 2147483647;
			files = (
			);
			runOnlyForDeploymentPostprocessing = 0;
		};
		68578BB42CE22F3B00893E07 /* Sources */ = {
			isa = PBXSourcesBuildPhase;
			buildActionMask = 2147483647;
			files = (
			);
			runOnlyForDeploymentPostprocessing = 0;
		};
		68578BBE2CE22F3B00893E07 /* Sources */ = {
			isa = PBXSourcesBuildPhase;
			buildActionMask = 2147483647;
			files = (
			);
			runOnlyForDeploymentPostprocessing = 0;
		};
/* End PBXSourcesBuildPhase section */

/* Begin PBXTargetDependency section */
		68578BBA2CE22F3B00893E07 /* PBXTargetDependency */ = {
			isa = PBXTargetDependency;
			target = 68578BA12CE22F3A00893E07 /* Week07_Study */;
			targetProxy = 68578BB92CE22F3B00893E07 /* PBXContainerItemProxy */;
		};
		68578BC42CE22F3B00893E07 /* PBXTargetDependency */ = {
			isa = PBXTargetDependency;
			target = 68578BA12CE22F3A00893E07 /* Week07_Study */;
			targetProxy = 68578BC32CE22F3B00893E07 /* PBXContainerItemProxy */;
		};
/* End PBXTargetDependency section */

/* Begin XCBuildConfiguration section */
		68578BCC2CE22F3B00893E07 /* Debug */ = {
			isa = XCBuildConfiguration;
			baseConfigurationReferenceAnchor = 68578BA42CE22F3A00893E07 /* Week07_Study */;
			baseConfigurationReferenceRelativePath = Config.xcconfig;
			buildSettings = {
				ASSETCATALOG_COMPILER_APPICON_NAME = AppIcon;
				ASSETCATALOG_COMPILER_GLOBAL_ACCENT_COLOR_NAME = AccentColor;
				CODE_SIGN_STYLE = Automatic;
				CURRENT_PROJECT_VERSION = 1;
				GENERATE_INFOPLIST_FILE = YES;
				INFOPLIST_FILE = Week07_Study/Info.plist;
				INFOPLIST_KEY_UIApplicationSupportsIndirectInputEvents = YES;
				INFOPLIST_KEY_UILaunchStoryboardName = LaunchScreen;
				INFOPLIST_KEY_UISupportedInterfaceOrientations_iPad = "UIInterfaceOrientationPortrait UIInterfaceOrientationPortraitUpsideDown UIInterfaceOrientationLandscapeLeft UIInterfaceOrientationLandscapeRight";
				INFOPLIST_KEY_UISupportedInterfaceOrientations_iPhone = "UIInterfaceOrientationPortrait UIInterfaceOrientationLandscapeLeft UIInterfaceOrientationLandscapeRight";
				LD_RUNPATH_SEARCH_PATHS = (
					"$(inherited)",
					"@executable_path/Frameworks",
				);
				MARKETING_VERSION = 1.0;
				PRODUCT_BUNDLE_IDENTIFIER = "UMC-iOS-Workbook.Week07-Study";
				PRODUCT_NAME = "$(TARGET_NAME)";
				SWIFT_EMIT_LOC_STRINGS = YES;
				SWIFT_VERSION = 5.0;
				TARGETED_DEVICE_FAMILY = "1,2";
			};
			name = Debug;
		};
		68578BCD2CE22F3B00893E07 /* Release */ = {
			isa = XCBuildConfiguration;
			baseConfigurationReferenceAnchor = 68578BA42CE22F3A00893E07 /* Week07_Study */;
			baseConfigurationReferenceRelativePath = Config.xcconfig;
			buildSettings = {
				ASSETCATALOG_COMPILER_APPICON_NAME = AppIcon;
				ASSETCATALOG_COMPILER_GLOBAL_ACCENT_COLOR_NAME = AccentColor;
				CODE_SIGN_STYLE = Automatic;
				CURRENT_PROJECT_VERSION = 1;
				GENERATE_INFOPLIST_FILE = YES;
				INFOPLIST_FILE = Week07_Study/Info.plist;
				INFOPLIST_KEY_UIApplicationSupportsIndirectInputEvents = YES;
				INFOPLIST_KEY_UILaunchStoryboardName = LaunchScreen;
				INFOPLIST_KEY_UISupportedInterfaceOrientations_iPad = "UIInterfaceOrientationPortrait UIInterfaceOrientationPortraitUpsideDown UIInterfaceOrientationLandscapeLeft UIInterfaceOrientationLandscapeRight";
				INFOPLIST_KEY_UISupportedInterfaceOrientations_iPhone = "UIInterfaceOrientationPortrait UIInterfaceOrientationLandscapeLeft UIInterfaceOrientationLandscapeRight";
				LD_RUNPATH_SEARCH_PATHS = (
					"$(inherited)",
					"@executable_path/Frameworks",
				);
				MARKETING_VERSION = 1.0;
				PRODUCT_BUNDLE_IDENTIFIER = "UMC-iOS-Workbook.Week07-Study";
				PRODUCT_NAME = "$(TARGET_NAME)";
				SWIFT_EMIT_LOC_STRINGS = YES;
				SWIFT_VERSION = 5.0;
				TARGETED_DEVICE_FAMILY = "1,2";
			};
			name = Release;
		};
		68578BCE2CE22F3B00893E07 /* Debug */ = {
			isa = XCBuildConfiguration;
			baseConfigurationReferenceAnchor = 68578BA42CE22F3A00893E07 /* Week07_Study */;
			baseConfigurationReferenceRelativePath = Config.xcconfig;
			buildSettings = {
				ALWAYS_SEARCH_USER_PATHS = NO;
				ASSETCATALOG_COMPILER_GENERATE_SWIFT_ASSET_SYMBOL_EXTENSIONS = YES;
				CLANG_ANALYZER_NONNULL = YES;
				CLANG_ANALYZER_NUMBER_OBJECT_CONVERSION = YES_AGGRESSIVE;
				CLANG_CXX_LANGUAGE_STANDARD = "gnu++20";
				CLANG_ENABLE_MODULES = YES;
				CLANG_ENABLE_OBJC_ARC = YES;
				CLANG_ENABLE_OBJC_WEAK = YES;
				CLANG_WARN_BLOCK_CAPTURE_AUTORELEASING = YES;
				CLANG_WARN_BOOL_CONVERSION = YES;
				CLANG_WARN_COMMA = YES;
				CLANG_WARN_CONSTANT_CONVERSION = YES;
				CLANG_WARN_DEPRECATED_OBJC_IMPLEMENTATIONS = YES;
				CLANG_WARN_DIRECT_OBJC_ISA_USAGE = YES_ERROR;
				CLANG_WARN_DOCUMENTATION_COMMENTS = YES;
				CLANG_WARN_EMPTY_BODY = YES;
				CLANG_WARN_ENUM_CONVERSION = YES;
				CLANG_WARN_INFINITE_RECURSION = YES;
				CLANG_WARN_INT_CONVERSION = YES;
				CLANG_WARN_NON_LITERAL_NULL_CONVERSION = YES;
				CLANG_WARN_OBJC_IMPLICIT_RETAIN_SELF = YES;
				CLANG_WARN_OBJC_LITERAL_CONVERSION = YES;
				CLANG_WARN_OBJC_ROOT_CLASS = YES_ERROR;
				CLANG_WARN_QUOTED_INCLUDE_IN_FRAMEWORK_HEADER = YES;
				CLANG_WARN_RANGE_LOOP_ANALYSIS = YES;
				CLANG_WARN_STRICT_PROTOTYPES = YES;
				CLANG_WARN_SUSPICIOUS_MOVE = YES;
				CLANG_WARN_UNGUARDED_AVAILABILITY = YES_AGGRESSIVE;
				CLANG_WARN_UNREACHABLE_CODE = YES;
				CLANG_WARN__DUPLICATE_METHOD_MATCH = YES;
				COPY_PHASE_STRIP = NO;
				DEBUG_INFORMATION_FORMAT = dwarf;
				ENABLE_STRICT_OBJC_MSGSEND = YES;
				ENABLE_TESTABILITY = YES;
				ENABLE_USER_SCRIPT_SANDBOXING = YES;
				GCC_C_LANGUAGE_STANDARD = gnu17;
				GCC_DYNAMIC_NO_PIC = NO;
				GCC_NO_COMMON_BLOCKS = YES;
				GCC_OPTIMIZATION_LEVEL = 0;
				GCC_PREPROCESSOR_DEFINITIONS = (
					"DEBUG=1",
					"$(inherited)",
				);
				GCC_WARN_64_TO_32_BIT_CONVERSION = YES;
				GCC_WARN_ABOUT_RETURN_TYPE = YES_ERROR;
				GCC_WARN_UNDECLARED_SELECTOR = YES;
				GCC_WARN_UNINITIALIZED_AUTOS = YES_AGGRESSIVE;
				GCC_WARN_UNUSED_FUNCTION = YES;
				GCC_WARN_UNUSED_VARIABLE = YES;
				IPHONEOS_DEPLOYMENT_TARGET = 18.0;
				LOCALIZATION_PREFERS_STRING_CATALOGS = YES;
				MTL_ENABLE_DEBUG_INFO = INCLUDE_SOURCE;
				MTL_FAST_MATH = YES;
				ONLY_ACTIVE_ARCH = YES;
				SDKROOT = iphoneos;
				SWIFT_ACTIVE_COMPILATION_CONDITIONS = "DEBUG $(inherited)";
				SWIFT_OPTIMIZATION_LEVEL = "-Onone";
			};
			name = Debug;
		};
		68578BCF2CE22F3B00893E07 /* Release */ = {
			isa = XCBuildConfiguration;
			baseConfigurationReferenceAnchor = 68578BA42CE22F3A00893E07 /* Week07_Study */;
			baseConfigurationReferenceRelativePath = Config.xcconfig;
			buildSettings = {
				ALWAYS_SEARCH_USER_PATHS = NO;
				ASSETCATALOG_COMPILER_GENERATE_SWIFT_ASSET_SYMBOL_EXTENSIONS = YES;
				CLANG_ANALYZER_NONNULL = YES;
				CLANG_ANALYZER_NUMBER_OBJECT_CONVERSION = YES_AGGRESSIVE;
				CLANG_CXX_LANGUAGE_STANDARD = "gnu++20";
				CLANG_ENABLE_MODULES = YES;
				CLANG_ENABLE_OBJC_ARC = YES;
				CLANG_ENABLE_OBJC_WEAK = YES;
				CLANG_WARN_BLOCK_CAPTURE_AUTORELEASING = YES;
				CLANG_WARN_BOOL_CONVERSION = YES;
				CLANG_WARN_COMMA = YES;
				CLANG_WARN_CONSTANT_CONVERSION = YES;
				CLANG_WARN_DEPRECATED_OBJC_IMPLEMENTATIONS = YES;
				CLANG_WARN_DIRECT_OBJC_ISA_USAGE = YES_ERROR;
				CLANG_WARN_DOCUMENTATION_COMMENTS = YES;
				CLANG_WARN_EMPTY_BODY = YES;
				CLANG_WARN_ENUM_CONVERSION = YES;
				CLANG_WARN_INFINITE_RECURSION = YES;
				CLANG_WARN_INT_CONVERSION = YES;
				CLANG_WARN_NON_LITERAL_NULL_CONVERSION = YES;
				CLANG_WARN_OBJC_IMPLICIT_RETAIN_SELF = YES;
				CLANG_WARN_OBJC_LITERAL_CONVERSION = YES;
				CLANG_WARN_OBJC_ROOT_CLASS = YES_ERROR;
				CLANG_WARN_QUOTED_INCLUDE_IN_FRAMEWORK_HEADER = YES;
				CLANG_WARN_RANGE_LOOP_ANALYSIS = YES;
				CLANG_WARN_STRICT_PROTOTYPES = YES;
				CLANG_WARN_SUSPICIOUS_MOVE = YES;
				CLANG_WARN_UNGUARDED_AVAILABILITY = YES_AGGRESSIVE;
				CLANG_WARN_UNREACHABLE_CODE = YES;
				CLANG_WARN__DUPLICATE_METHOD_MATCH = YES;
				COPY_PHASE_STRIP = NO;
				DEBUG_INFORMATION_FORMAT = "dwarf-with-dsym";
				ENABLE_NS_ASSERTIONS = NO;
				ENABLE_STRICT_OBJC_MSGSEND = YES;
				ENABLE_USER_SCRIPT_SANDBOXING = YES;
				GCC_C_LANGUAGE_STANDARD = gnu17;
				GCC_NO_COMMON_BLOCKS = YES;
				GCC_WARN_64_TO_32_BIT_CONVERSION = YES;
				GCC_WARN_ABOUT_RETURN_TYPE = YES_ERROR;
				GCC_WARN_UNDECLARED_SELECTOR = YES;
				GCC_WARN_UNINITIALIZED_AUTOS = YES_AGGRESSIVE;
				GCC_WARN_UNUSED_FUNCTION = YES;
				GCC_WARN_UNUSED_VARIABLE = YES;
				IPHONEOS_DEPLOYMENT_TARGET = 18.0;
				LOCALIZATION_PREFERS_STRING_CATALOGS = YES;
				MTL_ENABLE_DEBUG_INFO = NO;
				MTL_FAST_MATH = YES;
				SDKROOT = iphoneos;
				SWIFT_COMPILATION_MODE = wholemodule;
				VALIDATE_PRODUCT = YES;
			};
			name = Release;
		};
		68578BD12CE22F3B00893E07 /* Debug */ = {
			isa = XCBuildConfiguration;
			baseConfigurationReferenceAnchor = 68578BA42CE22F3A00893E07 /* Week07_Study */;
			baseConfigurationReferenceRelativePath = Config.xcconfig;
			buildSettings = {
				BUNDLE_LOADER = "$(TEST_HOST)";
				CODE_SIGN_STYLE = Automatic;
				CURRENT_PROJECT_VERSION = 1;
				GENERATE_INFOPLIST_FILE = YES;
				IPHONEOS_DEPLOYMENT_TARGET = 18.0;
				MARKETING_VERSION = 1.0;
				PRODUCT_BUNDLE_IDENTIFIER = "UMC-iOS-Workbook.Week07-StudyTests";
				PRODUCT_NAME = "$(TARGET_NAME)";
				SWIFT_EMIT_LOC_STRINGS = NO;
				SWIFT_VERSION = 5.0;
				TARGETED_DEVICE_FAMILY = "1,2";
				TEST_HOST = "$(BUILT_PRODUCTS_DIR)/Week07_Study.app/$(BUNDLE_EXECUTABLE_FOLDER_PATH)/Week07_Study";
			};
			name = Debug;
		};
		68578BD22CE22F3B00893E07 /* Release */ = {
			isa = XCBuildConfiguration;
			baseConfigurationReferenceAnchor = 68578BA42CE22F3A00893E07 /* Week07_Study */;
			baseConfigurationReferenceRelativePath = Config.xcconfig;
			buildSettings = {
				BUNDLE_LOADER = "$(TEST_HOST)";
				CODE_SIGN_STYLE = Automatic;
				CURRENT_PROJECT_VERSION = 1;
				GENERATE_INFOPLIST_FILE = YES;
				IPHONEOS_DEPLOYMENT_TARGET = 18.0;
				MARKETING_VERSION = 1.0;
				PRODUCT_BUNDLE_IDENTIFIER = "UMC-iOS-Workbook.Week07-StudyTests";
				PRODUCT_NAME = "$(TARGET_NAME)";
				SWIFT_EMIT_LOC_STRINGS = NO;
				SWIFT_VERSION = 5.0;
				TARGETED_DEVICE_FAMILY = "1,2";
				TEST_HOST = "$(BUILT_PRODUCTS_DIR)/Week07_Study.app/$(BUNDLE_EXECUTABLE_FOLDER_PATH)/Week07_Study";
			};
			name = Release;
		};
		68578BD42CE22F3B00893E07 /* Debug */ = {
			isa = XCBuildConfiguration;
			baseConfigurationReferenceAnchor = 68578BA42CE22F3A00893E07 /* Week07_Study */;
			baseConfigurationReferenceRelativePath = Config.xcconfig;
			buildSettings = {
				CODE_SIGN_STYLE = Automatic;
				CURRENT_PROJECT_VERSION = 1;
				GENERATE_INFOPLIST_FILE = YES;
				MARKETING_VERSION = 1.0;
				PRODUCT_BUNDLE_IDENTIFIER = "UMC-iOS-Workbook.Week07-StudyUITests";
				PRODUCT_NAME = "$(TARGET_NAME)";
				SWIFT_EMIT_LOC_STRINGS = NO;
				SWIFT_VERSION = 5.0;
				TARGETED_DEVICE_FAMILY = "1,2";
				TEST_TARGET_NAME = Week07_Study;
			};
			name = Debug;
		};
		68578BD52CE22F3B00893E07 /* Release */ = {
			isa = XCBuildConfiguration;
			baseConfigurationReferenceAnchor = 68578BA42CE22F3A00893E07 /* Week07_Study */;
			baseConfigurationReferenceRelativePath = Config.xcconfig;
			buildSettings = {
				CODE_SIGN_STYLE = Automatic;
				CURRENT_PROJECT_VERSION = 1;
				GENERATE_INFOPLIST_FILE = YES;
				MARKETING_VERSION = 1.0;
				PRODUCT_BUNDLE_IDENTIFIER = "UMC-iOS-Workbook.Week07-StudyUITests";
				PRODUCT_NAME = "$(TARGET_NAME)";
				SWIFT_EMIT_LOC_STRINGS = NO;
				SWIFT_VERSION = 5.0;
				TARGETED_DEVICE_FAMILY = "1,2";
				TEST_TARGET_NAME = Week07_Study;
			};
			name = Release;
		};
/* End XCBuildConfiguration section */

/* Begin XCConfigurationList section */
		68578B9D2CE22F3A00893E07 /* Build configuration list for PBXProject "Week07_Study" */ = {
			isa = XCConfigurationList;
			buildConfigurations = (
				68578BCE2CE22F3B00893E07 /* Debug */,
				68578BCF2CE22F3B00893E07 /* Release */,
			);
			defaultConfigurationIsVisible = 0;
			defaultConfigurationName = Release;
		};
		68578BCB2CE22F3B00893E07 /* Build configuration list for PBXNativeTarget "Week07_Study" */ = {
			isa = XCConfigurationList;
			buildConfigurations = (
				68578BCC2CE22F3B00893E07 /* Debug */,
				68578BCD2CE22F3B00893E07 /* Release */,
			);
			defaultConfigurationIsVisible = 0;
			defaultConfigurationName = Release;
		};
		68578BD02CE22F3B00893E07 /* Build configuration list for PBXNativeTarget "Week07_StudyTests" */ = {
			isa = XCConfigurationList;
			buildConfigurations = (
				68578BD12CE22F3B00893E07 /* Debug */,
				68578BD22CE22F3B00893E07 /* Release */,
			);
			defaultConfigurationIsVisible = 0;
			defaultConfigurationName = Release;
		};
		68578BD32CE22F3B00893E07 /* Build configuration list for PBXNativeTarget "Week07_StudyUITests" */ = {
			isa = XCConfigurationList;
			buildConfigurations = (
				68578BD42CE22F3B00893E07 /* Debug */,
				68578BD52CE22F3B00893E07 /* Release */,
			);
			defaultConfigurationIsVisible = 0;
			defaultConfigurationName = Release;
		};
/* End XCConfigurationList section */

/* Begin XCRemoteSwiftPackageReference section */
		68578BE52CE24F9F00893E07 /* XCRemoteSwiftPackageReference "SnapKit" */ = {
			isa = XCRemoteSwiftPackageReference;
			repositoryURL = "https://github.com/SnapKit/SnapKit";
			requirement = {
				kind = upToNextMajorVersion;
				minimumVersion = 5.7.1;
			};
		};
		68578BE82CE2507B00893E07 /* XCRemoteSwiftPackageReference "Alamofire" */ = {
			isa = XCRemoteSwiftPackageReference;
			repositoryURL = "https://github.com/Alamofire/Alamofire";
			requirement = {
				kind = upToNextMajorVersion;
				minimumVersion = 5.10.1;
			};
		};
/* End XCRemoteSwiftPackageReference section */

/* Begin XCSwiftPackageProductDependency section */
		68578BE62CE24F9F00893E07 /* SnapKit */ = {
			isa = XCSwiftPackageProductDependency;
			package = 68578BE52CE24F9F00893E07 /* XCRemoteSwiftPackageReference "SnapKit" */;
			productName = SnapKit;
		};
		68578BE92CE2507B00893E07 /* Alamofire */ = {
			isa = XCSwiftPackageProductDependency;
			package = 68578BE82CE2507B00893E07 /* XCRemoteSwiftPackageReference "Alamofire" */;
			productName = Alamofire;
		};
/* End XCSwiftPackageProductDependency section */
	};
	rootObject = 68578B9A2CE22F3A00893E07 /* Project object */;
}
